
Microsoft Visual Studio Solution File, Format Version 12.00
# Visual Studio Version 16
VisualStudioVersion = 16.0.29306.81
MinimumVisualStudioVersion = 10.0.40219.1
Project("{FAE04EC0-301F-11D3-BF4B-00C04F79EFBC}") = "DBFileExtractor", "DBFileExtractor.csproj", "{D607538D-FFFB-4110-8918-A366EBC9B5D7}"
EndProject
Global
	GlobalSection(SolutionConfigurationPlatforms) = preSolution
		Debug|Any CPU = Debug|Any CPU
		Release|Any CPU = Release|Any CPU
	EndGlobalSection
	GlobalSection(ProjectConfigurationPlatforms) = postSolution
		{D607538D-FFFB-4110-8918-A366EBC9B5D7}.Debug|Any CPU.ActiveCfg = Debug|Any CPU
		{D607538D-FFFB-4110-8918-A366EBC9B5D7}.Debug|Any CPU.Build.0 = Debug|Any CPU
		{D607538D-FFFB-4110-8918-A366EBC9B5D7}.Release|Any CPU.ActiveCfg = Release|Any CPU
		{D607538D-FFFB-4110-8918-A366EBC9B5D7}.Release|Any CPU.Build.0 = Release|Any CPU
	EndGlobalSection
	GlobalSection(SolutionProperties) = preSolution
		HideSolutionNode = FALSE
	EndGlobalSection
	GlobalSection(ExtensibilityGlobals) = postSolution
		SolutionGuid = {2223B7B3-6C98-475C-8191-14C96CBE6BE7}
	EndGlobalSection
EndGlobal
